
Microsoft Visual Studio Solution File, Format Version 12.00
# Visual Studio Version 16
VisualStudioVersion = 16.0.29418.71
MinimumVisualStudioVersion = 10.0.40219.1
Project("{FAE04EC0-301F-11D3-BF4B-00C04F79EFBC}") = "FinanceLibrary", "financeLibrary\FinanceLibrary.csproj", "{EDE58A69-A056-464B-996E-CA429C4DF657}"
EndProject
Project("{FAE04EC0-301F-11D3-BF4B-00C04F79EFBC}") = "FinanceApp", "FinanceApp\FinanceApp.csproj", "{139D352C-B1E4-43D0-AC4E-30A2EA433D66}"
EndProject
Global
	GlobalSection(SolutionConfigurationPlatforms) = preSolution
		Debug|Any CPU = Debug|Any CPU
		Release|Any CPU = Release|Any CPU
	EndGlobalSection
	GlobalSection(ProjectConfigurationPlatforms) = postSolution
		{EDE58A69-A056-464B-996E-CA429C4DF657}.Debug|Any CPU.ActiveCfg = Debug|Any CPU
		{EDE58A69-A056-464B-996E-CA429C4DF657}.Debug|Any CPU.Build.0 = Debug|Any CPU
		{EDE58A69-A056-464B-996E-CA429C4DF657}.Release|Any CPU.ActiveCfg = Release|Any CPU
		{EDE58A69-A056-464B-996E-CA429C4DF657}.Release|Any CPU.Build.0 = Release|Any CPU
		{139D352C-B1E4-43D0-AC4E-30A2EA433D66}.Debug|Any CPU.ActiveCfg = Debug|Any CPU
		{139D352C-B1E4-43D0-AC4E-30A2EA433D66}.Debug|Any CPU.Build.0 = Debug|Any CPU
		{139D352C-B1E4-43D0-AC4E-30A2EA433D66}.Release|Any CPU.ActiveCfg = Release|Any CPU
		{139D352C-B1E4-43D0-AC4E-30A2EA433D66}.Release|Any CPU.Build.0 = Release|Any CPU
	EndGlobalSection
	GlobalSection(SolutionProperties) = preSolution
		HideSolutionNode = FALSE
	EndGlobalSection
	GlobalSection(ExtensibilityGlobals) = postSolution
		SolutionGuid = {F04BE8AF-ACD0-499D-A92B-BF49FA5795EE}
	EndGlobalSection
EndGlobal
