
Microsoft Visual Studio Solution File, Format Version 12.00
# Visual Studio Version 16
VisualStudioVersion = 16.0.29709.97
MinimumVisualStudioVersion = 10.0.40219.1
Project("{FAE04EC0-301F-11D3-BF4B-00C04F79EFBC}") = "Notes.Common", "Notes.Common\Notes.Common.csproj", "{E1755682-C8C4-4B96-976F-CB97D0ED02DB}"
EndProject
Project("{FAE04EC0-301F-11D3-BF4B-00C04F79EFBC}") = "Notes.DAL", "Notes.DAL\Notes.DAL.csproj", "{75D57A06-E6CD-4955-9605-430EB44B8186}"
	ProjectSection(ProjectDependencies) = postProject
		{E1755682-C8C4-4B96-976F-CB97D0ED02DB} = {E1755682-C8C4-4B96-976F-CB97D0ED02DB}
	EndProjectSection
EndProject
Project("{FAE04EC0-301F-11D3-BF4B-00C04F79EFBC}") = "Notes.App", "Notes.App\Notes.App.csproj", "{68A8B29C-E7E0-493D-8EC6-18C2DCF0D619}"
EndProject
Project("{FAE04EC0-301F-11D3-BF4B-00C04F79EFBC}") = "Notes.Mapper", "Notes.Mapper\Notes.Mapper.csproj", "{CD985E9E-DBA9-4EC2-86D8-F5071ACCC978}"
EndProject
Project("{FAE04EC0-301F-11D3-BF4B-00C04F79EFBC}") = "Notes.DI", "Notes.DI\Notes.DI.csproj", "{92EF45E5-0E30-4C53-BFC4-54FDA853D922}"
EndProject
Project("{FAE04EC0-301F-11D3-BF4B-00C04F79EFBC}") = "Notes.BLL", "Notes.BLL\Notes.BLL.csproj", "{C4A01280-876E-4B37-9222-184189626004}"
EndProject
Global
	GlobalSection(SolutionConfigurationPlatforms) = preSolution
		Debug|Any CPU = Debug|Any CPU
		Release|Any CPU = Release|Any CPU
	EndGlobalSection
	GlobalSection(ProjectConfigurationPlatforms) = postSolution
		{E1755682-C8C4-4B96-976F-CB97D0ED02DB}.Debug|Any CPU.ActiveCfg = Debug|Any CPU
		{E1755682-C8C4-4B96-976F-CB97D0ED02DB}.Debug|Any CPU.Build.0 = Debug|Any CPU
		{E1755682-C8C4-4B96-976F-CB97D0ED02DB}.Release|Any CPU.ActiveCfg = Release|Any CPU
		{E1755682-C8C4-4B96-976F-CB97D0ED02DB}.Release|Any CPU.Build.0 = Release|Any CPU
		{75D57A06-E6CD-4955-9605-430EB44B8186}.Debug|Any CPU.ActiveCfg = Debug|Any CPU
		{75D57A06-E6CD-4955-9605-430EB44B8186}.Debug|Any CPU.Build.0 = Debug|Any CPU
		{75D57A06-E6CD-4955-9605-430EB44B8186}.Release|Any CPU.ActiveCfg = Release|Any CPU
		{75D57A06-E6CD-4955-9605-430EB44B8186}.Release|Any CPU.Build.0 = Release|Any CPU
		{68A8B29C-E7E0-493D-8EC6-18C2DCF0D619}.Debug|Any CPU.ActiveCfg = Debug|Any CPU
		{68A8B29C-E7E0-493D-8EC6-18C2DCF0D619}.Debug|Any CPU.Build.0 = Debug|Any CPU
		{68A8B29C-E7E0-493D-8EC6-18C2DCF0D619}.Release|Any CPU.ActiveCfg = Release|Any CPU
		{68A8B29C-E7E0-493D-8EC6-18C2DCF0D619}.Release|Any CPU.Build.0 = Release|Any CPU
		{CD985E9E-DBA9-4EC2-86D8-F5071ACCC978}.Debug|Any CPU.ActiveCfg = Debug|Any CPU
		{CD985E9E-DBA9-4EC2-86D8-F5071ACCC978}.Debug|Any CPU.Build.0 = Debug|Any CPU
		{CD985E9E-DBA9-4EC2-86D8-F5071ACCC978}.Release|Any CPU.ActiveCfg = Release|Any CPU
		{CD985E9E-DBA9-4EC2-86D8-F5071ACCC978}.Release|Any CPU.Build.0 = Release|Any CPU
		{92EF45E5-0E30-4C53-BFC4-54FDA853D922}.Debug|Any CPU.ActiveCfg = Debug|Any CPU
		{92EF45E5-0E30-4C53-BFC4-54FDA853D922}.Debug|Any CPU.Build.0 = Debug|Any CPU
		{92EF45E5-0E30-4C53-BFC4-54FDA853D922}.Release|Any CPU.ActiveCfg = Release|Any CPU
		{92EF45E5-0E30-4C53-BFC4-54FDA853D922}.Release|Any CPU.Build.0 = Release|Any CPU
		{C4A01280-876E-4B37-9222-184189626004}.Debug|Any CPU.ActiveCfg = Debug|Any CPU
		{C4A01280-876E-4B37-9222-184189626004}.Debug|Any CPU.Build.0 = Debug|Any CPU
		{C4A01280-876E-4B37-9222-184189626004}.Release|Any CPU.ActiveCfg = Release|Any CPU
		{C4A01280-876E-4B37-9222-184189626004}.Release|Any CPU.Build.0 = Release|Any CPU
	EndGlobalSection
	GlobalSection(SolutionProperties) = preSolution
		HideSolutionNode = FALSE
	EndGlobalSection
	GlobalSection(ExtensibilityGlobals) = postSolution
		SolutionGuid = {AADEF248-5045-40CC-96AB-0915C18E2D17}
	EndGlobalSection
EndGlobal
